
Microsoft Visual Studio Solution File, Format Version 12.00
# Visual Studio Version 17
VisualStudioVersion = 17.14.36603.0
MinimumVisualStudioVersion = 10.0.40219.1
Project("{FAE04EC0-301F-11D3-BF4B-00C04F79EFBC}") = "ProjectRed.Core", "ProjectRed.Core\ProjectRed.Core.csproj", "{88DF7F08-A2C0-4820-98ED-83CE1E2826D3}"
EndProject
Project("{FAE04EC0-301F-11D3-BF4B-00C04F79EFBC}") = "ProjectRed.Infrastructure", "ProjectRed.Infrastructure\ProjectRed.Infrastructure.csproj", "{3BDD21AA-9BA1-4ACE-A307-A90D001F495C}"
EndProject
Project("{FAE04EC0-301F-11D3-BF4B-00C04F79EFBC}") = "ProjectRed.Application", "ProjectRed.Application\ProjectRed.Application.csproj", "{A9BF9F00-2CDC-496E-8408-7DF6CE59D107}"
EndProject
Project("{FAE04EC0-301F-11D3-BF4B-00C04F79EFBC}") = "ProjectRed.Api", "ProjectRed.Api\ProjectRed.Api.csproj", "{CF971E43-9F54-3023-6795-CC15EBD6C997}"
EndProject
Project("{E53339B2-1760-4266-BCC7-CA923CBCF16C}") = "docker-compose", "docker-compose.dcproj", "{81DDED9D-158B-E303-5F62-77A2896D2A5A}"
EndProject
Global
	GlobalSection(SolutionConfigurationPlatforms) = preSolution
		Debug|Any CPU = Debug|Any CPU
		Release|Any CPU = Release|Any CPU
	EndGlobalSection
	GlobalSection(ProjectConfigurationPlatforms) = postSolution
		{88DF7F08-A2C0-4820-98ED-83CE1E2826D3}.Debug|Any CPU.ActiveCfg = Debug|Any CPU
		{88DF7F08-A2C0-4820-98ED-83CE1E2826D3}.Debug|Any CPU.Build.0 = Debug|Any CPU
		{88DF7F08-A2C0-4820-98ED-83CE1E2826D3}.Release|Any CPU.ActiveCfg = Release|Any CPU
		{88DF7F08-A2C0-4820-98ED-83CE1E2826D3}.Release|Any CPU.Build.0 = Release|Any CPU
		{3BDD21AA-9BA1-4ACE-A307-A90D001F495C}.Debug|Any CPU.ActiveCfg = Debug|Any CPU
		{3BDD21AA-9BA1-4ACE-A307-A90D001F495C}.Debug|Any CPU.Build.0 = Debug|Any CPU
		{3BDD21AA-9BA1-4ACE-A307-A90D001F495C}.Release|Any CPU.ActiveCfg = Release|Any CPU
		{3BDD21AA-9BA1-4ACE-A307-A90D001F495C}.Release|Any CPU.Build.0 = Release|Any CPU
		{A9BF9F00-2CDC-496E-8408-7DF6CE59D107}.Debug|Any CPU.ActiveCfg = Debug|Any CPU
		{A9BF9F00-2CDC-496E-8408-7DF6CE59D107}.Debug|Any CPU.Build.0 = Debug|Any CPU
		{A9BF9F00-2CDC-496E-8408-7DF6CE59D107}.Release|Any CPU.ActiveCfg = Release|Any CPU
		{A9BF9F00-2CDC-496E-8408-7DF6CE59D107}.Release|Any CPU.Build.0 = Release|Any CPU
		{CF971E43-9F54-3023-6795-CC15EBD6C997}.Debug|Any CPU.ActiveCfg = Debug|Any CPU
		{CF971E43-9F54-3023-6795-CC15EBD6C997}.Debug|Any CPU.Build.0 = Debug|Any CPU
		{CF971E43-9F54-3023-6795-CC15EBD6C997}.Release|Any CPU.ActiveCfg = Release|Any CPU
		{CF971E43-9F54-3023-6795-CC15EBD6C997}.Release|Any CPU.Build.0 = Release|Any CPU
		{81DDED9D-158B-E303-5F62-77A2896D2A5A}.Debug|Any CPU.ActiveCfg = Debug|Any CPU
		{81DDED9D-158B-E303-5F62-77A2896D2A5A}.Debug|Any CPU.Build.0 = Debug|Any CPU
		{81DDED9D-158B-E303-5F62-77A2896D2A5A}.Release|Any CPU.ActiveCfg = Release|Any CPU
		{81DDED9D-158B-E303-5F62-77A2896D2A5A}.Release|Any CPU.Build.0 = Release|Any CPU
	EndGlobalSection
	GlobalSection(SolutionProperties) = preSolution
		HideSolutionNode = FALSE
	EndGlobalSection
	GlobalSection(ExtensibilityGlobals) = postSolution
		SolutionGuid = {BBBB9D8F-AB22-4D85-A1B9-9DA1D522A4C7}
	EndGlobalSection
EndGlobal
